
Microsoft Visual Studio Solution File, Format Version 12.00
# Visual Studio Version 17
VisualStudioVersion = 17.14.36310.24 d17.14
MinimumVisualStudioVersion = 10.0.40219.1
Project("{FAE04EC0-301F-11D3-BF4B-00C04F79EFBC}") = "migajas_amor.app", "migajas_amor.app\migajas_amor.app.csproj", "{877489F0-6501-469A-8594-2D7B862B81A8}"
EndProject
Global
	GlobalSection(SolutionConfigurationPlatforms) = preSolution
		Debug|Any CPU = Debug|Any CPU
		Release|Any CPU = Release|Any CPU
	EndGlobalSection
	GlobalSection(ProjectConfigurationPlatforms) = postSolution
		{877489F0-6501-469A-8594-2D7B862B81A8}.Debug|Any CPU.ActiveCfg = Debug|Any CPU
		{877489F0-6501-469A-8594-2D7B862B81A8}.Debug|Any CPU.Build.0 = Debug|Any CPU
		{877489F0-6501-469A-8594-2D7B862B81A8}.Release|Any CPU.ActiveCfg = Release|Any CPU
		{877489F0-6501-469A-8594-2D7B862B81A8}.Release|Any CPU.Build.0 = Release|Any CPU
	EndGlobalSection
	GlobalSection(SolutionProperties) = preSolution
		HideSolutionNode = FALSE
	EndGlobalSection
	GlobalSection(ExtensibilityGlobals) = postSolution
		SolutionGuid = {ED364B91-E5F5-4C53-B330-1B107B2BE507}
	EndGlobalSection
EndGlobal
